
Microsoft Visual Studio Solution File, Format Version 12.00
# Visual Studio Version 16
VisualStudioVersion = 16.0.30523.141
MinimumVisualStudioVersion = 10.0.40219.1
Project("{FAE04EC0-301F-11D3-BF4B-00C04F79EFBC}") = "School Site Grade 10", "School Site Grade 10.csproj", "{BAE967E8-0D1A-41E5-BC16-1213F8E67A2D}"
EndProject
Global
	GlobalSection(SolutionConfigurationPlatforms) = preSolution
		Debug|Any CPU = Debug|Any CPU
		Debug|x64 = Debug|x64
		Release|Any CPU = Release|Any CPU
		Release|x64 = Release|x64
	EndGlobalSection
	GlobalSection(ProjectConfigurationPlatforms) = postSolution
		{BAE967E8-0D1A-41E5-BC16-1213F8E67A2D}.Debug|Any CPU.ActiveCfg = Debug|Any CPU
		{BAE967E8-0D1A-41E5-BC16-1213F8E67A2D}.Debug|Any CPU.Build.0 = Debug|Any CPU
		{BAE967E8-0D1A-41E5-BC16-1213F8E67A2D}.Debug|x64.ActiveCfg = Debug|x86
		{BAE967E8-0D1A-41E5-BC16-1213F8E67A2D}.Debug|x64.Build.0 = Debug|x86
		{BAE967E8-0D1A-41E5-BC16-1213F8E67A2D}.Release|Any CPU.ActiveCfg = Release|Any CPU
		{BAE967E8-0D1A-41E5-BC16-1213F8E67A2D}.Release|Any CPU.Build.0 = Release|Any CPU
		{BAE967E8-0D1A-41E5-BC16-1213F8E67A2D}.Release|x64.ActiveCfg = Release|x64
		{BAE967E8-0D1A-41E5-BC16-1213F8E67A2D}.Release|x64.Build.0 = Release|x64
	EndGlobalSection
	GlobalSection(SolutionProperties) = preSolution
		HideSolutionNode = FALSE
	EndGlobalSection
	GlobalSection(ExtensibilityGlobals) = postSolution
		SolutionGuid = {AA309CCF-F24E-4BF8-AAB8-3FF96EC2DADD}
	EndGlobalSection
EndGlobal
